
Microsoft Visual Studio Solution File, Format Version 12.00
# Visual Studio 14
VisualStudioVersion = 14.0.24720.0
MinimumVisualStudioVersion = 10.0.40219.1
Project("{FAE04EC0-301F-11D3-BF4B-00C04F79EFBC}") = "DbLite", "DbLite\DbLite.csproj", "{4E188C15-8749-4295-91BB-185B5915B5C9}"
EndProject
Project("{FAE04EC0-301F-11D3-BF4B-00C04F79EFBC}") = "DbLite.Test", "DbLite.Test\DbLite.Test.csproj", "{387E0FA0-F7DD-44FE-AFC2-AA93C750329B}"
EndProject
Project("{FAE04EC0-301F-11D3-BF4B-00C04F79EFBC}") = "DbLite.SQLite", "DbLite.SQLite\DbLite.SQLite.csproj", "{19058386-BCD3-4E6D-A3E5-F73981679D1D}"
EndProject
Project("{2150E333-8FDC-42A3-9474-1A3956D46DE8}") = "Solution Items", "Solution Items", "{96753EB7-AC7D-46FE-97ED-45ECD6B69DC7}"
	ProjectSection(SolutionItems) = preProject
		Readme.md = Readme.md
	EndProjectSection
EndProject
Project("{FAE04EC0-301F-11D3-BF4B-00C04F79EFBC}") = "DbLite.MSSQL", "DbLite.MSSQL\DbLite.MSSQL.csproj", "{9890B932-793E-4F7E-9C82-F04C9FF0C9A9}"
EndProject
Global
	GlobalSection(SolutionConfigurationPlatforms) = preSolution
		Debug|Any CPU = Debug|Any CPU
		Release|Any CPU = Release|Any CPU
	EndGlobalSection
	GlobalSection(ProjectConfigurationPlatforms) = postSolution
		{4E188C15-8749-4295-91BB-185B5915B5C9}.Debug|Any CPU.ActiveCfg = Debug|Any CPU
		{4E188C15-8749-4295-91BB-185B5915B5C9}.Debug|Any CPU.Build.0 = Debug|Any CPU
		{4E188C15-8749-4295-91BB-185B5915B5C9}.Release|Any CPU.ActiveCfg = Release|Any CPU
		{4E188C15-8749-4295-91BB-185B5915B5C9}.Release|Any CPU.Build.0 = Release|Any CPU
		{387E0FA0-F7DD-44FE-AFC2-AA93C750329B}.Debug|Any CPU.ActiveCfg = Debug|Any CPU
		{387E0FA0-F7DD-44FE-AFC2-AA93C750329B}.Debug|Any CPU.Build.0 = Debug|Any CPU
		{387E0FA0-F7DD-44FE-AFC2-AA93C750329B}.Release|Any CPU.ActiveCfg = Release|Any CPU
		{387E0FA0-F7DD-44FE-AFC2-AA93C750329B}.Release|Any CPU.Build.0 = Release|Any CPU
		{19058386-BCD3-4E6D-A3E5-F73981679D1D}.Debug|Any CPU.ActiveCfg = Debug|Any CPU
		{19058386-BCD3-4E6D-A3E5-F73981679D1D}.Debug|Any CPU.Build.0 = Debug|Any CPU
		{19058386-BCD3-4E6D-A3E5-F73981679D1D}.Release|Any CPU.ActiveCfg = Release|Any CPU
		{19058386-BCD3-4E6D-A3E5-F73981679D1D}.Release|Any CPU.Build.0 = Release|Any CPU
		{9890B932-793E-4F7E-9C82-F04C9FF0C9A9}.Debug|Any CPU.ActiveCfg = Debug|Any CPU
		{9890B932-793E-4F7E-9C82-F04C9FF0C9A9}.Debug|Any CPU.Build.0 = Debug|Any CPU
		{9890B932-793E-4F7E-9C82-F04C9FF0C9A9}.Release|Any CPU.ActiveCfg = Release|Any CPU
		{9890B932-793E-4F7E-9C82-F04C9FF0C9A9}.Release|Any CPU.Build.0 = Release|Any CPU
	EndGlobalSection
	GlobalSection(SolutionProperties) = preSolution
		HideSolutionNode = FALSE
	EndGlobalSection
EndGlobal
